
Microsoft Visual Studio Solution File, Format Version 12.00
# Visual Studio 2013
VisualStudioVersion = 12.0.21005.1
MinimumVisualStudioVersion = 10.0.40219.1
Project("{8BC9CEB8-8B4A-11D0-8D11-00A0C91BC942}") = "個人製作GAME", "個人製作GAME\個人製作GAME.vcxproj", "{E1BBF8E6-D096-4E5E-9657-C2EA24900CF1}"
EndProject
Global
	GlobalSection(SolutionConfigurationPlatforms) = preSolution
		Debug|Win32 = Debug|Win32
		Release|Win32 = Release|Win32
	EndGlobalSection
	GlobalSection(ProjectConfigurationPlatforms) = postSolution
		{E1BBF8E6-D096-4E5E-9657-C2EA24900CF1}.Debug|Win32.ActiveCfg = Debug|Win32
		{E1BBF8E6-D096-4E5E-9657-C2EA24900CF1}.Debug|Win32.Build.0 = Debug|Win32
		{E1BBF8E6-D096-4E5E-9657-C2EA24900CF1}.Release|Win32.ActiveCfg = Release|Win32
		{E1BBF8E6-D096-4E5E-9657-C2EA24900CF1}.Release|Win32.Build.0 = Release|Win32
	EndGlobalSection
	GlobalSection(SolutionProperties) = preSolution
		HideSolutionNode = FALSE
	EndGlobalSection
EndGlobal
